{
  "name": "gzmtr_broadcaster",
  "version": "0.1.0",
  "lockfileVersion": 1,
  "requires": true,
  "dependencies": {
    "@babel/helper-define-polyfill-provider": {
      "version": "0.6.2",
      "resolved": "https://registry.npmmirror.com/@babel/helper-define-polyfill-provider/-/helper-define-polyfill-provider-0.6.2.tgz",
      "integrity": "sha512-LV76g+C502biUK6AyZ3LK10vDpDyCzZnhZFXkH1L75zHPj68+qc8Zfpx2th+gzwA2MzyK+1g/3EPl62yFnVttQ==",
      "requires": {},
      "dev": true
    },
    "@babel/plugin-proposal-class-properties": {
      "version": "7.18.6",
      "resolved": "https://registry.npmmirror.com/@babel/plugin-proposal-class-properties/-/plugin-proposal-class-properties-7.18.6.tgz",
      "integrity": "sha512-cumfXOF0+nzZrrN8Rf0t7M+tF6sZc7vhQwYQck9q1/5w2OExlD+b4v4RpMJFaV1Z7WcDRgO6FqvxqxGlwo+RHQ==",
      "requires": {},
      "dev": true
    },
    "@babel/plugin-proposal-private-property-in-object": {
      "version": "7.21.0-placeholder-for-preset-env.2",
      "resolved": "https://registry.npmmirror.com/@babel/plugin-proposal-private-property-in-object/-/plugin-proposal-private-property-in-object-7.21.0-placeholder-for-preset-env.2.tgz",
      "integrity": "sha512-SOSkfJDddaM7mak6cPEpswyTRnuRltl429hMraQEglW+OkovnCzsiszTmsrlY//qLFjCpQDFRvjdm2wA5pPm9w==",
      "dev": true
    },
    "@babel/plugin-syntax-async-generators": {
      "version": "7.8.4",
      "resolved": "https://registry.npmmirror.com/@babel/plugin-syntax-async-generators/-/plugin-syntax-async-generators-7.8.4.tgz",
      "integrity": "sha512-tycmZxkGfZaxhMRbXlPXuVFpdWlXpir2W4AMhSJgRKzk/eDlIXOhb2LHWoLpDF7TEHylV5zNhykX6KAgHJmTNw==",
      "requires": {},
      "dev": true
    },
    "@babel/plugin-syntax-bigint": {
      "version": "7.8.3",
      "resolved": "https://registry.npmmirror.com/@babel/plugin-syntax-bigint/-/plugin-syntax-bigint-7.8.3.tgz",
      "integrity": "sha512-wnTnFlG+YxQm3vDxpGE57Pj0srRU4sHE/mDkt1qv2YJJSeUAec2ma4WLUnUPeKjyrfntVwe/N6dCXpU+zL3Npg==",
      "requires": {},
      "dev": true
    },
    "@babel/plugin-syntax-class-properties": {
      "version": "7.12.13",
      "resolved": "https://registry.npmmirror.com/@babel/plugin-syntax-class-properties/-/plugin-syntax-class-properties-7.12.13.tgz",
      "integrity": "sha512-fm4idjKla0YahUNgFNLCB0qySdsoPiZP3iQE3rky0mBUtMZ23yDJ9SJdg6dXTSDnulOVqiF3Hgr9nbXvXTQZYA==",
      "requires": {},
      "dev": true
    },
    "@babel/plugin-syntax-class-static-block": {
      "version": "7.14.5",
      "resolved": "https://registry.npmmirror.com/@babel/plugin-syntax-class-static-block/-/plugin-syntax-class-static-block-7.14.5.tgz",
      "integrity": "sha512-b+YyPmr6ldyNnM6sqYeMWE+bgJcJpO6yS4QD7ymxgH34GBPNDM/THBh8iunyvKIZztiwLH4CJZ0RxTk9emgpjw==",
      "requires": {},
      "dev": true
    },
    "@babel/plugin-syntax-dynamic-import": {
      "version": "7.8.3",
      "resolved": "https://registry.npmmirror.com/@babel/plugin-syntax-dynamic-import/-/plugin-syntax-dynamic-import-7.8.3.tgz",
      "integrity": "sha512-5gdGbFon+PszYzqs83S3E5mpi7/y/8M9eC90MRTZfduQOYW76ig6SOSPNe41IG5LoP3FGBn2N0RjVDSQiS94kQ==",
      "requires": {},
      "dev": true
    },
    "@babel/plugin-syntax-import-meta": {
      "version": "7.10.4",
      "resolved": "https://registry.npmmirror.com/@babel/plugin-syntax-import-meta/-/plugin-syntax-import-meta-7.10.4.tgz",
      "integrity": "sha512-Yqfm+XDx0+Prh3VSeEQCPU81yC+JWZ2pDPFSS4ZdpfZhp4MkFMaDC1UqseovEKwSUpnIL7+vK+Clp7bfh0iD7g==",
      "requires": {},
      "dev": true
    },
    "@babel/plugin-syntax-json-strings": {
      "version": "7.8.3",
      "resolved": "https://registry.npmmirror.com/@babel/plugin-syntax-json-strings/-/plugin-syntax-json-strings-7.8.3.tgz",
      "integrity": "sha512-lY6kdGpWHvjoe2vk4WrAapEuBR69EMxZl+RoGRhrFGNYVK8mOPAW8VfbT/ZgrFbXlDNiiaxQnAtgVCZ6jv30EA==",
      "requires": {},
      "dev": true
    },
    "@babel/plugin-syntax-logical-assignment-operators": {
      "version": "7.10.4",
      "resolved": "https://registry.npmmirror.com/@babel/plugin-syntax-logical-assignment-operators/-/plugin-syntax-logical-assignment-operators-7.10.4.tgz",
      "integrity": "sha512-d8waShlpFDinQ5MtvGU9xDAOzKH47+FFoney2baFIoMr952hKOLp1HR7VszoZvOsV/4+RRszNY7D17ba0te0ig==",
      "requires": {},
      "dev": true
    },
    "@babel/plugin-syntax-nullish-coalescing-operator": {
      "version": "7.8.3",
      "resolved": "https://registry.npmmirror.com/@babel/plugin-syntax-nullish-coalescing-operator/-/plugin-syntax-nullish-coalescing-operator-7.8.3.tgz",
      "integrity": "sha512-aSff4zPII1u2QD7y+F8oDsz19ew4IGEJg9SVW+bqwpwtfFleiQDMdzA/R+UlWDzfnHFCxxleFT0PMIrR36XLNQ==",
      "requires": {},
      "dev": true
    },
    "@babel/plugin-syntax-numeric-separator": {
      "version": "7.10.4",
      "resolved": "https://registry.npmmirror.com/@babel/plugin-syntax-numeric-separator/-/plugin-syntax-numeric-separator-7.10.4.tgz",
      "integrity": "sha512-9H6YdfkcK/uOnY/K7/aA2xpzaAgkQn37yzWUMRK7OaPOqOpGS1+n0H5hxT9AUw9EsSjPW8SVyMJwYRtWs3X3ug==",
      "requires": {},
      "dev": true
    },
    "@babel/plugin-syntax-object-rest-spread": {
      "version": "7.8.3",
      "resolved": "https://registry.npmmirror.com/@babel/plugin-syntax-object-rest-spread/-/plugin-syntax-object-rest-spread-7.8.3.tgz",
      "integrity": "sha512-XoqMijGZb9y3y2XskN+P1wUGiVwWZ5JmoDRwx5+3GmEplNyVM2s2Dg8ILFQm8rWM48orGy5YpI5Bl8U1y7ydlA==",
      "requires": {},
      "dev": true
    },
    "@babel/plugin-syntax-optional-catch-binding": {
      "version": "7.8.3",
      "resolved": "https://registry.npmmirror.com/@babel/plugin-syntax-optional-catch-binding/-/plugin-syntax-optional-catch-binding-7.8.3.tgz",
      "integrity": "sha512-6VPD0Pc1lpTqw0aKoeRTMiB+kWhAoT24PA+ksWSBrFtl5SIRVpZlwN3NNPQjehA2E/91FV3RjLWoVTglWcSV3Q==",
      "requires": {},
      "dev": true
    },
    "@babel/plugin-syntax-optional-chaining": {
      "version": "7.8.3",
      "resolved": "https://registry.npmmirror.com/@babel/plugin-syntax-optional-chaining/-/plugin-syntax-optional-chaining-7.8.3.tgz",
      "integrity": "sha512-KoK9ErH1MBlCPxV0VANkXW2/dw4vlbGDrFgz8bmUsBGYkFRcbRwMh6cIJubdPrkxRwuGdtCk0v/wPTKbQgBjkg==",
      "requires": {},
      "dev": true
    },
    "@babel/plugin-syntax-private-property-in-object": {
      "version": "7.14.5",
      "resolved": "https://registry.npmmirror.com/@babel/plugin-syntax-private-property-in-object/-/plugin-syntax-private-property-in-object-7.14.5.tgz",
      "integrity": "sha512-0wVnp9dxJ72ZUJDV27ZfbSj6iHLoytYZmh3rFcxNnvsJF3ktkzLDZPy/mA17HGsaQT3/DQsWYX1f1QGWkCoVUg==",
      "requires": {},
      "dev": true
    },
    "@babel/plugin-syntax-top-level-await": {
      "version": "7.14.5",
      "resolved": "https://registry.npmmirror.com/@babel/plugin-syntax-top-level-await/-/plugin-syntax-top-level-await-7.14.5.tgz",
      "integrity": "sha512-hx++upLv5U1rgYfwe1xBQUhRmU41NEvpUvrp8jkrSCdvGSnM5/qdRMtylJ6PG5OFkBaHkbTAKTnd3/YyESRHFw==",
      "requires": {},
      "dev": true
    },
    "@babel/plugin-syntax-unicode-sets-regex": {
      "version": "7.18.6",
      "resolved": "https://registry.npmmirror.com/@babel/plugin-syntax-unicode-sets-regex/-/plugin-syntax-unicode-sets-regex-7.18.6.tgz",
      "integrity": "sha512-727YkEAPwSIQTv5im8QHz3upqp92JTWhidIC81Tdx4VJYIte/VndKf1qKrfnnhPLiPghStWfvC/iFaMCQu7Nqg==",
      "requires": {},
      "dev": true
    },
    "@babel/preset-modules": {
      "version": "0.1.6-no-external-plugins",
      "resolved": "https://registry.npmmirror.com/@babel/preset-modules/-/preset-modules-0.1.6-no-external-plugins.tgz",
      "integrity": "sha512-HrcgcIESLm9aIR842yhJ5RWan/gebQUJ6E/E5+rf0y9o6oj7w0Br+sWuL6kEQ/o/AdfvR1Je9jG18/gnpwjEyA==",
      "requires": {},
      "dev": true
    },
    "@dcloudio/uni-app": {
      "version": "2.0.2-4020920240930001",
      "resolved": "https://registry.npmjs.org/@dcloudio/uni-app/-/uni-app-2.0.2-4020920240930001.tgz",
      "integrity": "sha512-UU09/2ScFRe0el0hTahQBqE1l6d21J4u4hS6+BP7yzI+8tAQNehuWPymwnSx1XnPgxdJhonrw7hpDlfYT/VEjA=="
    },
    "@dcloudio/uni-app-plus": {
      "version": "2.0.2-4020920240930001",
      "resolved": "https://registry.npmjs.org/@dcloudio/uni-app-plus/-/uni-app-plus-2.0.2-4020920240930001.tgz",
      "integrity": "sha512-2yr4CpQFTwtnJQ+bQW228Hy7FsSYjPNhobXOXiQtOJ0OVfLv5+Z3jHpijI8FPoikaZ1BebVKneEH88aaT5Vz6g=="
    },
    "@dcloudio/uni-h5": {
      "version": "2.0.2-4020920240930001",
      "resolved": "https://registry.npmjs.org/@dcloudio/uni-h5/-/uni-h5-2.0.2-4020920240930001.tgz",
      "integrity": "sha512-Stzvg8/SorpgUfpqlokR6xUWJ+nce3SO2+IC62z33+mAN34Kef4zgMR+57/g7GsPFhCRh2cSuhQf7VXvGppL6Q==",
      "requires": {}
    },
    "@dcloudio/uni-helper-json": {
      "version": "1.0.13",
      "resolved": "https://registry.npmmirror.com/@dcloudio/uni-helper-json/-/uni-helper-json-1.0.13.tgz",
      "integrity": "sha512-FO9Iu4zW4td3Tr+eiCDWuele2ehkJ4qxQ/UhpAMLjso+ZdWz6NagK5Syh6cdy1hoDqbxpNoqnLynuJXe81Ereg==",
      "dev": true
    },
    "@dcloudio/uni-i18n": {
      "version": "2.0.2-4020920240930001",
      "resolved": "https://registry.npmjs.org/@dcloudio/uni-i18n/-/uni-i18n-2.0.2-4020920240930001.tgz",
      "integrity": "sha512-0mdcFzm4I3pBMBMPxBpmnF2JJmTGUISHWAo9btHVDizajVGBQwnW8gH7P2sxLwZmZMVxzh3ti37N0IkHX48Tcg=="
    },
    "@dcloudio/uni-mp-360": {
      "version": "2.0.2-4020920240930001",
      "resolved": "https://registry.npmjs.org/@dcloudio/uni-mp-360/-/uni-mp-360-2.0.2-4020920240930001.tgz",
      "integrity": "sha512-1SVt7BVIS1AVrrteam107cV7A1pgIStFDmZjMt3VDhmWR2Gs7YeuORbIcZGHiNMCCTcOYkLXDhVEzcLLUJuBqg=="
    },
    "@dcloudio/uni-mp-alipay": {
      "version": "2.0.2-4020920240930001",
      "resolved": "https://registry.npmjs.org/@dcloudio/uni-mp-alipay/-/uni-mp-alipay-2.0.2-4020920240930001.tgz",
      "integrity": "sha512-IogXxgrOWIZDMvlDm+sJyLBpSLiHyMvnKZOW2pBqEMiDJyOcAEvHg0BqHSU7KWUSBfAyLOGRg7IbZ0WHTyRsmg=="
    },
    "@dcloudio/uni-mp-baidu": {
      "version": "2.0.2-4020920240930001",
      "resolved": "https://registry.npmjs.org/@dcloudio/uni-mp-baidu/-/uni-mp-baidu-2.0.2-4020920240930001.tgz",
      "integrity": "sha512-cBBOB8ei1D6vj7wj2vQMV3OXqA1axb3QhoGzdT+RsCp8Sz+dgUdJxRLCABt9PMU+UlhKuGFDHOcDXMs+Lb1W9g=="
    },
    "@dcloudio/uni-mp-jd": {
      "version": "2.0.2-4020920240930001",
      "resolved": "https://registry.npmjs.org/@dcloudio/uni-mp-jd/-/uni-mp-jd-2.0.2-4020920240930001.tgz",
      "integrity": "sha512-Q37lAlrxHtGeXoIAxHQSDZGtgPCOs0k8RFBNHLBf7/qOxb5tRRlBk5vtnQ5RM3kBZ7lv4raiNQsmAbfnJsfkpg=="
    },
    "@dcloudio/uni-mp-kuaishou": {
      "version": "2.0.2-4020920240930001",
      "resolved": "https://registry.npmjs.org/@dcloudio/uni-mp-kuaishou/-/uni-mp-kuaishou-2.0.2-4020920240930001.tgz",
      "integrity": "sha512-YVGEBNUjAtO8OqipPZdVsZVWiwyjpDDWR+ifA/HzVYQaStgOH9YM0bYMNTW05nuk0FNvSpg62a+ipfMGUZDCZA=="
    },
    "@dcloudio/uni-mp-lark": {
      "version": "2.0.2-4020920240930001",
      "resolved": "https://registry.npmjs.org/@dcloudio/uni-mp-lark/-/uni-mp-lark-2.0.2-4020920240930001.tgz",
      "integrity": "sha512-Un9pcVlKUc88MVr7Sg7yBgDPbYZoaRvvfFWhKWP3VMowND4kSTu7XPUijYI388RemPPBW/YQ6mwf9CBn5fTdAQ=="
    },
    "@dcloudio/uni-mp-qq": {
      "version": "2.0.2-4020920240930001",
      "resolved": "https://registry.npmjs.org/@dcloudio/uni-mp-qq/-/uni-mp-qq-2.0.2-4020920240930001.tgz",
      "integrity": "sha512-/FWiRzW72hKef2r3BTNkOXg3x7TQ7BUxyitXHORuy78hwIpkGdPHcsWvopiJ67qAx09QPJeBdEXzoZblU/pk8A=="
    },
    "@dcloudio/uni-mp-toutiao": {
      "version": "2.0.2-4020920240930001",
      "resolved": "https://registry.npmjs.org/@dcloudio/uni-mp-toutiao/-/uni-mp-toutiao-2.0.2-4020920240930001.tgz",
      "integrity": "sha512-cUrOgI0rR//yIGUcWdirq+kmGOA9wavrEQRmcwR9ujzaza0D51OW0Qz2DdWnESZloB2JWp7/DC5oQWw4xEanKg=="
    },
    "@dcloudio/uni-mp-vue": {
      "version": "2.0.2-4020920240930001",
      "resolved": "https://registry.npmjs.org/@dcloudio/uni-mp-vue/-/uni-mp-vue-2.0.2-4020920240930001.tgz",
      "integrity": "sha512-Zz2eN4x8lH3pgw3JS1L+X2X/XgoNN1UT88DIIiuhVYxIMdjrmijXjAPmFL6vxGulzYT+yEbHPYFlVGNu8O+v0A=="
    },
    "@dcloudio/uni-mp-weixin": {
      "version": "2.0.2-4020920240930001",
      "resolved": "https://registry.npmjs.org/@dcloudio/uni-mp-weixin/-/uni-mp-weixin-2.0.2-4020920240930001.tgz",
      "integrity": "sha512-dMeYJYiq1OXkMyAktJ7d7hNP+Y8ZhtQObBae9eEPV15KfR+eV0j4PIoD0MMMty9eqJrS9sAs7Z7CIiMFUpO4xg=="
    },
    "@dcloudio/uni-mp-xhs": {
      "version": "2.0.2-4020920240930001",
      "resolved": "https://registry.npmjs.org/@dcloudio/uni-mp-xhs/-/uni-mp-xhs-2.0.2-4020920240930001.tgz",
      "integrity": "sha512-FyJbxhAd4+q4yT1ej45Q7zGo1Wq+ZDMjZUeU93q41/XMGBNtiSGvjdQXhQ6Nk7fI9xUsge7v1cY6KQEzy/kIjQ=="
    },
    "@dcloudio/uni-quickapp-native": {
      "version": "2.0.2-4020920240930001",
      "resolved": "https://registry.npmjs.org/@dcloudio/uni-quickapp-native/-/uni-quickapp-native-2.0.2-4020920240930001.tgz",
      "integrity": "sha512-BBJ3CD1r3F6t8eNVj46CDq1jvU1uLIRFg7Y9q5DBa6NfibNB7dIjRatp/TQOCXfyFK5Kqhw1oDchPykZ5dzB5g==",
      "requires": {}
    },
    "@dcloudio/uni-quickapp-webview": {
      "version": "2.0.2-4020920240930001",
      "resolved": "https://registry.npmjs.org/@dcloudio/uni-quickapp-webview/-/uni-quickapp-webview-2.0.2-4020920240930001.tgz",
      "integrity": "sha512-ICnTCEBj9xtKp+jw1oHd8YSVxL0yRHZVWxhDu4N2BXGo5tTD/z4eob8qC/5nJjD/fN1jBHDLadKjVN6uc0qE/Q=="
    },
    "@dcloudio/uni-stacktracey": {
      "version": "2.0.2-4020920240930001",
      "resolved": "https://registry.npmjs.org/@dcloudio/uni-stacktracey/-/uni-stacktracey-2.0.2-4020920240930001.tgz",
      "integrity": "sha512-BaLPybn7vsIrHti6B9zckxKI5EPD9FtTP345JDBFtRTnx7mH5plTdC1rxFsci45pbuFpnk/P/m4EJ6eeP1775g=="
    },
    "@dcloudio/uni-stat": {
      "version": "2.0.2-4020920240930001",
      "resolved": "https://registry.npmjs.org/@dcloudio/uni-stat/-/uni-stat-2.0.2-4020920240930001.tgz",
      "integrity": "sha512-TPuZhQ1i/WVBfgDsz2B3JnXYChLiRzxTN6A4FbkM4tHjprJrkUJlDRmdc9eQyJ0tIrwlmtP1SJyfSDI5oF76Mg=="
    },
    "@dcloudio/uni-ui": {
      "version": "1.5.7",
      "resolved": "https://registry.npmjs.org/@dcloudio/uni-ui/-/uni-ui-1.5.7.tgz",
      "integrity": "sha512-DugxSIrQrze1FLdUOj9a+JEQ0bHGjnJTcGUK1mN/MivKg7nuKJBRWk5Ipa9sUdoBznX6ndz5h2e7Uao6x1CdCw=="
    },
    "@types/babel__core": {
      "version": "7.20.5",
      "resolved": "https://registry.npmmirror.com/@types/babel__core/-/babel__core-7.20.5.tgz",
      "integrity": "sha512-qoQprZvz5wQFJwMDqeseRXWv3rqMvhgpbXFfVyWhbx9X47POIA6i/+dXefEmZKoAgOaTdaIgNSMqMIU61yRyzA==",
      "requires": {},
      "dev": true
    },
    "@types/babel__generator": {
      "version": "7.6.8",
      "resolved": "https://registry.npmmirror.com/@types/babel__generator/-/babel__generator-7.6.8.tgz",
      "integrity": "sha512-ASsj+tpEDsEiFr1arWrlN6V3mdfjRMZt6LtK/Vp/kreFLnr5QH5+DhvD5nINYZXzwJvXeGq+05iUXcAzVrqWtw==",
      "requires": {},
      "dev": true
    },
    "@types/babel__template": {
      "version": "7.4.4",
      "resolved": "https://registry.npmmirror.com/@types/babel__template/-/babel__template-7.4.4.tgz",
      "integrity": "sha512-h/NUaSyG5EyxBIp8YRxo4RMe2/qQgvyowRwVMzhYhBCONbW8PUsg4lkFMrhgZhUe5z3L3MiLDuvyJ/CaPa2A8A==",
      "requires": {},
      "dev": true
    },
    "@types/babel__traverse": {
      "version": "7.20.6",
      "resolved": "https://registry.npmmirror.com/@types/babel__traverse/-/babel__traverse-7.20.6.tgz",
      "integrity": "sha512-r1bzfrm0tomOI8g1SzvCaQHo6Lcv6zu0EA+W2kHrt8dyrHQxGzBBL4kdkzIS+jBMV+EYcMAEAqXqYaLJq5rOZg==",
      "requires": {},
      "dev": true
    },
    "@vue/babel-helper-vue-jsx-merge-props": {
      "version": "1.4.0",
      "resolved": "https://registry.npmmirror.com/@vue/babel-helper-vue-jsx-merge-props/-/babel-helper-vue-jsx-merge-props-1.4.0.tgz",
      "integrity": "sha512-JkqXfCkUDp4PIlFdDQ0TdXoIejMtTHP67/pvxlgeY+u5k3LEdKuWZ3LK6xkxo52uDoABIVyRwqVkfLQJhk7VBA==",
      "dev": true
    },
    "@vue/babel-helper-vue-transform-on": {
      "version": "1.2.5",
      "resolved": "https://registry.npmmirror.com/@vue/babel-helper-vue-transform-on/-/babel-helper-vue-transform-on-1.2.5.tgz",
      "integrity": "sha512-lOz4t39ZdmU4DJAa2hwPYmKc8EsuGa2U0L9KaZaOJUt0UwQNjNA3AZTq6uEivhOKhhG1Wvy96SvYBoFmCg3uuw==",
      "dev": true
    },
    "@vue/babel-plugin-jsx": {
      "version": "1.2.5",
      "resolved": "https://registry.npmmirror.com/@vue/babel-plugin-jsx/-/babel-plugin-jsx-1.2.5.tgz",
      "integrity": "sha512-zTrNmOd4939H9KsRIGmmzn3q2zvv1mjxkYZHgqHZgDrXz5B1Q3WyGEjO2f+JrmKghvl1JIRcvo63LgM1kH5zFg==",
      "requires": {},
      "dev": true
    },
    "@vue/babel-plugin-resolve-type": {
      "version": "1.2.5",
      "resolved": "https://registry.npmmirror.com/@vue/babel-plugin-resolve-type/-/babel-plugin-resolve-type-1.2.5.tgz",
      "integrity": "sha512-U/ibkQrf5sx0XXRnUZD1mo5F7PkpKyTbfXM3a3rC4YnUz6crHEz9Jg09jzzL6QYlXNto/9CePdOg/c87O4Nlfg==",
      "requires": {},
      "dev": true
    },
    "@vue/babel-plugin-transform-vue-jsx": {
      "version": "1.4.0",
      "resolved": "https://registry.npmmirror.com/@vue/babel-plugin-transform-vue-jsx/-/babel-plugin-transform-vue-jsx-1.4.0.tgz",
      "integrity": "sha512-Fmastxw4MMx0vlgLS4XBX0XiBbUFzoMGeVXuMV08wyOfXdikAFqBTuYPR0tlk+XskL19EzHc39SgjrPGY23JnA==",
      "requires": {},
      "dev": true
    },
    "@vue/babel-preset-app": {
      "version": "5.0.8",
      "resolved": "https://registry.npmmirror.com/@vue/babel-preset-app/-/babel-preset-app-5.0.8.tgz",
      "integrity": "sha512-yl+5qhpjd8e1G4cMXfORkkBlvtPCIgmRf3IYCWYDKIQ7m+PPa5iTm4feiNmCMD6yGqQWMhhK/7M3oWGL9boKwg==",
      "requires": {},
      "dev": true
    },
    "@vue/babel-preset-jsx": {
      "version": "1.4.0",
      "resolved": "https://registry.npmmirror.com/@vue/babel-preset-jsx/-/babel-preset-jsx-1.4.0.tgz",
      "integrity": "sha512-QmfRpssBOPZWL5xw7fOuHNifCQcNQC1PrOo/4fu6xlhlKJJKSA3HqX92Nvgyx8fqHZTUGMPHmFA+IDqwXlqkSA==",
      "requires": {},
      "dev": true
    },
    "@vue/babel-sugar-composition-api-inject-h": {
      "version": "1.4.0",
      "resolved": "https://registry.npmmirror.com/@vue/babel-sugar-composition-api-inject-h/-/babel-sugar-composition-api-inject-h-1.4.0.tgz",
      "integrity": "sha512-VQq6zEddJHctnG4w3TfmlVp5FzDavUSut/DwR0xVoe/mJKXyMcsIibL42wPntozITEoY90aBV0/1d2KjxHU52g==",
      "requires": {},
      "dev": true
    },
    "@vue/babel-sugar-composition-api-render-instance": {
      "version": "1.4.0",
      "resolved": "https://registry.npmmirror.com/@vue/babel-sugar-composition-api-render-instance/-/babel-sugar-composition-api-render-instance-1.4.0.tgz",
      "integrity": "sha512-6ZDAzcxvy7VcnCjNdHJ59mwK02ZFuP5CnucloidqlZwVQv5CQLijc3lGpR7MD3TWFi78J7+a8J56YxbCtHgT9Q==",
      "requires": {},
      "dev": true
    },
    "@vue/babel-sugar-functional-vue": {
      "version": "1.4.0",
      "resolved": "https://registry.npmmirror.com/@vue/babel-sugar-functional-vue/-/babel-sugar-functional-vue-1.4.0.tgz",
      "integrity": "sha512-lTEB4WUFNzYt2In6JsoF9sAYVTo84wC4e+PoZWSgM6FUtqRJz7wMylaEhSRgG71YF+wfLD6cc9nqVeXN2rwBvw==",
      "requires": {},
      "dev": true
    },
    "@vue/babel-sugar-inject-h": {
      "version": "1.4.0",
      "resolved": "https://registry.npmmirror.com/@vue/babel-sugar-inject-h/-/babel-sugar-inject-h-1.4.0.tgz",
      "integrity": "sha512-muwWrPKli77uO2fFM7eA3G1lAGnERuSz2NgAxuOLzrsTlQl8W4G+wwbM4nB6iewlKbwKRae3nL03UaF5ffAPMA==",
      "requires": {},
      "dev": true
    },
    "@vue/babel-sugar-v-model": {
      "version": "1.4.0",
      "resolved": "https://registry.npmmirror.com/@vue/babel-sugar-v-model/-/babel-sugar-v-model-1.4.0.tgz",
      "integrity": "sha512-0t4HGgXb7WHYLBciZzN5s0Hzqan4Ue+p/3FdQdcaHAb7s5D9WZFGoSxEZHrR1TFVZlAPu1bejTKGeAzaaG3NCQ==",
      "requires": {},
      "dev": true
    },
    "@vue/babel-sugar-v-on": {
      "version": "1.4.0",
      "resolved": "https://registry.npmmirror.com/@vue/babel-sugar-v-on/-/babel-sugar-v-on-1.4.0.tgz",
      "integrity": "sha512-m+zud4wKLzSKgQrWwhqRObWzmTuyzl6vOP7024lrpeJM4x2UhQtRDLgYjXAw9xBXjCwS0pP9kXjg91F9ZNo9JA==",
      "requires": {},
      "dev": true
    },
    "@vue/cli-plugin-babel": {
      "version": "5.0.8",
      "resolved": "https://registry.npmmirror.com/@vue/cli-plugin-babel/-/cli-plugin-babel-5.0.8.tgz",
      "integrity": "sha512-a4qqkml3FAJ3auqB2kN2EMPocb/iu0ykeELwed+9B1c1nQ1HKgslKMHMPavYx3Cd/QAx2mBD4hwKBqZXEI/CsQ==",
      "requires": {},
      "dev": true
    },
    "@vue/cli-service": {
      "version": "5.0.8",
      "resolved": "https://registry.npmmirror.com/@vue/cli-service/-/cli-service-5.0.8.tgz",
      "integrity": "sha512-nV7tYQLe7YsTtzFrfOMIHc5N2hp5lHG2rpYr0aNja9rNljdgcPZLyQRb2YRivTHqTv7lI962UXFURcpStHgyFw==",
      "requires": {},
      "dev": true
    },
    "@vue/shared": {
      "version": "3.5.12",
      "resolved": "https://registry.npmjs.org/@vue/shared/-/shared-3.5.12.tgz",
      "integrity": "sha512-L2RPSAwUFbgZH20etwrXyVyCBu9OxRSi8T/38QsvnkJyvq2LufW2lDCOzm7t/U9C1mkhJGWYfCuFBCmIuNivrg=="
    },
    "babel-plugin-dynamic-import-node": {
      "version": "2.3.3",
      "resolved": "https://registry.npmmirror.com/babel-plugin-dynamic-import-node/-/babel-plugin-dynamic-import-node-2.3.3.tgz",
      "integrity": "sha512-jZVI+s9Zg3IqA/kdi0i6UDCybUI3aSBLnglhYbSSjKlV7yF1F/5LWv8MakQmvYpnbJDS6fcBL2KzHSxNCMtWSQ==",
      "requires": {},
      "dev": true
    },
    "babel-plugin-import": {
      "version": "1.13.8",
      "resolved": "https://registry.npmmirror.com/babel-plugin-import/-/babel-plugin-import-1.13.8.tgz",
      "integrity": "sha512-36babpjra5m3gca44V6tSTomeBlPA7cHUynrE2WiQIm3rEGD9xy28MKsx5IdO45EbnpJY7Jrgd00C6Dwt/l/2Q==",
      "requires": {},
      "dev": true
    },
    "babel-plugin-istanbul": {
      "version": "6.1.1",
      "resolved": "https://registry.npmmirror.com/babel-plugin-istanbul/-/babel-plugin-istanbul-6.1.1.tgz",
      "integrity": "sha512-Y1IQok9821cC9onCx5otgFfRm7Lm+I+wwxOx738M/WLPZ9Q42m4IG5W0FNX8WLL2gYMZo3JkuXIH2DOpWM+qwA==",
      "requires": {},
      "dev": true
    },
    "babel-plugin-polyfill-corejs2": {
      "version": "0.4.11",
      "resolved": "https://registry.npmmirror.com/babel-plugin-polyfill-corejs2/-/babel-plugin-polyfill-corejs2-0.4.11.tgz",
      "integrity": "sha512-sMEJ27L0gRHShOh5G54uAAPaiCOygY/5ratXuiyb2G46FmlSpc9eFCzYVyDiPxfNbwzA7mYahmjQc5q+CZQ09Q==",
      "requires": {},
      "dev": true
    },
    "babel-plugin-polyfill-corejs3": {
      "version": "0.10.6",
      "resolved": "https://registry.npmmirror.com/babel-plugin-polyfill-corejs3/-/babel-plugin-polyfill-corejs3-0.10.6.tgz",
      "integrity": "sha512-b37+KR2i/khY5sKmWNVQAnitvquQbNdWy6lJdsr0kmquCKEEUgMKK4SboVM3HtfnZilfjr4MMQ7vY58FVWDtIA==",
      "requires": {},
      "dev": true
    },
    "babel-plugin-polyfill-regenerator": {
      "version": "0.6.2",
      "resolved": "https://registry.npmmirror.com/babel-plugin-polyfill-regenerator/-/babel-plugin-polyfill-regenerator-0.6.2.tgz",
      "integrity": "sha512-2R25rQZWP63nGwaAswvDazbPXfrM3HwVoBXK6HcqeKrSrL/JqcC/rDcf95l4r7LXLyxDXc8uQDa064GubtCABg==",
      "requires": {},
      "dev": true
    },
    "cross-env": {
      "version": "7.0.3",
      "resolved": "https://registry.npmmirror.com/cross-env/-/cross-env-7.0.3.tgz",
      "integrity": "sha512-+/HKd6EgcQCJGh2PSjZuUitQBQynKor4wrFbRg4DtAgS1aWO+gU52xpH7M9ScGgXSYmAVS9bIJ8EzuaGw0oNAw==",
      "requires": {},
      "dev": true
    },
    "eslint-scope": {
      "version": "5.1.1",
      "resolved": "https://registry.npmmirror.com/eslint-scope/-/eslint-scope-5.1.1.tgz",
      "integrity": "sha512-2NxwbF/hZ0KpepYN0cNbo+FN6XoK7GaHlQhgx/hIZl6Va0bF45RQOOwhLIy8lQDbuCiadSLCBnH2CFYquit5bw==",
      "requires": {},
      "dev": true
    },
    "flyio": {
      "version": "0.6.14",
      "resolved": "https://registry.npmjs.org/flyio/-/flyio-0.6.14.tgz",
      "integrity": "sha512-RE2OXE1ZZmcXOKb0jCtGyquHDxpAqHg17CZ8lmQKRfl3x1kP+NBpaQDx4WgN7DNpLJjFnspTzTEQpwRGg6/xaA==",
      "requires": {}
    },
    "postcss-comment": {
      "version": "2.0.0",
      "resolved": "https://registry.npmmirror.com/postcss-comment/-/postcss-comment-2.0.0.tgz",
      "integrity": "sha512-5zT5iKU7c0tK9KJFNrVf+g1MGTkzf/4V3e0Zzm2g1uoFQC5jeTHmB9O1iAqh97+jnKpc6al204e0pwFUiCwseg==",
      "requires": {},
      "dev": true
    },
    "prettier": {
      "version": "2.8.8",
      "resolved": "https://registry.npmmirror.com/prettier/-/prettier-2.8.8.tgz",
      "integrity": "sha512-tdN8qQGvNjw4CHbY+XXk0JgCXn9QiF21a55rBe5LJAU+kDyC4WQn4+awm2Xfk2lQMk5fKup9XgzTZtGkjBdP9Q==",
      "dev": true
    },
    "sass": {
      "version": "1.80.6",
      "resolved": "https://registry.npmjs.org/sass/-/sass-1.80.6.tgz",
      "integrity": "sha512-ccZgdHNiBF1NHBsWvacvT5rju3y1d/Eu+8Ex6c21nHp2lZGLBEtuwc415QfiI1PJa1TpCo3iXwwSRjRpn2Ckjg==",
      "requires": {}
    },
    "vue": {
      "version": "2.6.14",
      "resolved": "https://registry.npmmirror.com/vue/-/vue-2.6.14.tgz",
      "integrity": "sha512-x2284lgYvjOMj3Za7kqzRcUSxBboHqtgRE2zlos1qWaOye5yUmHn42LB1250NJBLRwEcdrB0JRwyPTEPhfQjiQ=="
    },
    "vue-template-compiler": {
      "version": "2.6.14",
      "resolved": "https://registry.npmmirror.com/vue-template-compiler/-/vue-template-compiler-2.6.14.tgz",
      "integrity": "sha512-ODQS1SyMbjKoO1JBJZojSw6FE4qnh9rIpUZn2EUT86FKizx9uH5z6uXiIrm4/Nb/gwxTi/o17ZDEGWAXHvtC7g==",
      "requires": {},
      "dev": true
    },
    "vuex": {
      "version": "3.6.2",
      "resolved": "https://registry.npmjs.org/vuex/-/vuex-3.6.2.tgz",
      "integrity": "sha512-ETW44IqCgBpVomy520DT5jf8n0zoCac+sxWnn+hMe/CzaSejb/eVw2YToiXYX+Ex/AuHHia28vWTq4goAexFbw=="
    }
  }
}